{
  "version": 4,
  "terraform_version": "1.9.6",
  "serial": 5,
  "lineage": "dc457a13-0dd5-ff89-bb70-13640c6d0600",
  "outputs": {
    "app_service_1_name": {
      "value": "demo-appservice-1",
      "type": "string"
    },
    "app_service_2_name": {
      "value": "demo-appservice-2",
      "type": "string"
    },
    "app_service_plan_id": {
      "value": "/subscriptions/d43779ad-ea3f-4b1b-869a-86387679ec60/resourceGroups/demo-resource-group/providers/Microsoft.Web/serverFarms/demo-app-service-plan",
      "type": "string"
    },
    "resource_group_name": {
      "value": "demo-resource-group",
      "type": "string"
    }
  },
  "resources": [
    {
      "mode": "managed",
      "type": "azurerm_app_service",
      "name": "demo_app_service_1",
      "provider": "provider[\"registry.terraform.io/hashicorp/azurerm\"]",
      "instances": [
        {
          "schema_version": 0,
          "attributes": {
            "app_service_plan_id": "/subscriptions/d43779ad-ea3f-4b1b-869a-86387679ec60/resourceGroups/demo-resource-group/providers/Microsoft.Web/serverFarms/demo-app-service-plan",
            "app_settings": {
              "WEBSITE_RUN_FROM_PACKAGE": "1"
            },
            "auth_settings": [
              {
                "active_directory": [],
                "additional_login_params": {},
                "allowed_external_redirect_urls": [],
                "default_provider": "",
                "enabled": false,
                "facebook": [],
                "google": [],
                "issuer": "",
                "microsoft": [],
                "runtime_version": "",
                "token_refresh_extension_hours": 0,
                "token_store_enabled": false,
                "twitter": [],
                "unauthenticated_client_action": ""
              }
            ],
            "backup": [],
            "client_affinity_enabled": false,
            "client_cert_enabled": false,
            "client_cert_mode": "Required",
            "connection_string": [],
            "custom_domain_verification_id": "B45FE1C7B91DA0271B2862AD2439CBB906094CFBA10D6FD2C2F09167091693D3",
            "default_site_hostname": "demo-appservice-1.azurewebsites.net",
            "enabled": true,
            "https_only": false,
            "id": "/subscriptions/d43779ad-ea3f-4b1b-869a-86387679ec60/resourceGroups/demo-resource-group/providers/Microsoft.Web/sites/demo-appservice-1",
            "identity": [],
            "key_vault_reference_identity_id": "SystemAssigned",
            "location": "israelcentral",
            "logs": [
              {
                "application_logs": [
                  {
                    "azure_blob_storage": [],
                    "file_system_level": "Off"
                  }
                ],
                "detailed_error_messages_enabled": false,
                "failed_request_tracing_enabled": false,
                "http_logs": [
                  {
                    "azure_blob_storage": [],
                    "file_system": []
                  }
                ]
              }
            ],
            "name": "demo-appservice-1",
            "outbound_ip_address_list": [
              "20.217.128.9",
              "20.217.128.18",
              "20.217.128.136",
              "20.217.128.145",
              "20.217.128.152",
              "20.217.128.153",
              "20.217.128.170",
              "20.217.128.172",
              "20.217.128.173",
              "20.217.128.174",
              "20.217.128.175",
              "20.217.128.176",
              "20.217.128.177",
              "20.217.128.178",
              "20.217.128.179",
              "20.217.128.0",
              "20.217.128.181",
              "20.217.128.182",
              "20.217.52.1"
            ],
            "outbound_ip_addresses": "20.217.128.9,20.217.128.18,20.217.128.136,20.217.128.145,20.217.128.152,20.217.128.153,20.217.128.170,20.217.128.172,20.217.128.173,20.217.128.174,20.217.128.175,20.217.128.176,20.217.128.177,20.217.128.178,20.217.128.179,20.217.128.0,20.217.128.181,20.217.128.182,20.217.52.1",
            "possible_outbound_ip_address_list": [
              "20.217.128.9",
              "20.217.128.18",
              "20.217.128.136",
              "20.217.128.145",
              "20.217.128.152",
              "20.217.128.153",
              "20.217.128.170",
              "20.217.128.172",
              "20.217.128.173",
              "20.217.128.174",
              "20.217.128.175",
              "20.217.128.176",
              "20.217.128.177",
              "20.217.128.178",
              "20.217.128.179",
              "20.217.128.0",
              "20.217.128.181",
              "20.217.128.182",
              "20.217.128.154",
              "20.217.128.139",
              "20.217.128.155",
              "20.217.128.35",
              "20.217.128.156",
              "20.217.128.157",
              "20.217.128.158",
              "20.217.128.159",
              "20.217.128.160",
              "20.217.128.162",
              "20.217.128.163",
              "20.217.128.164",
              "20.217.128.165",
              "20.217.128.131",
              "20.217.128.166",
              "20.217.128.167",
              "20.217.128.168",
              "20.217.128.169",
              "20.217.128.170",
              "20.217.128.172",
              "20.217.128.173",
              "20.217.128.174",
              "20.217.128.175",
              "20.217.128.176",
              "20.217.128.177",
              "20.217.128.178",
              "20.217.128.179",
              "20.217.128.0",
              "20.217.128.181",
              "20.217.128.182",
              "20.217.128.183",
              "20.217.128.184",
              "20.217.128.185",
              "20.217.128.45",
              "20.217.128.186",
              "20.217.128.187",
              "20.217.52.1"
            ],
            "possible_outbound_ip_addresses": "20.217.128.9,20.217.128.18,20.217.128.136,20.217.128.145,20.217.128.152,20.217.128.153,20.217.128.170,20.217.128.172,20.217.128.173,20.217.128.174,20.217.128.175,20.217.128.176,20.217.128.177,20.217.128.178,20.217.128.179,20.217.128.0,20.217.128.181,20.217.128.182,20.217.128.154,20.217.128.139,20.217.128.155,20.217.128.35,20.217.128.156,20.217.128.157,20.217.128.158,20.217.128.159,20.217.128.160,20.217.128.162,20.217.128.163,20.217.128.164,20.217.128.165,20.217.128.131,20.217.128.166,20.217.128.167,20.217.128.168,20.217.128.169,20.217.128.170,20.217.128.172,20.217.128.173,20.217.128.174,20.217.128.175,20.217.128.176,20.217.128.177,20.217.128.178,20.217.128.179,20.217.128.0,20.217.128.181,20.217.128.182,20.217.128.183,20.217.128.184,20.217.128.185,20.217.128.45,20.217.128.186,20.217.128.187,20.217.52.1",
            "resource_group_name": "demo-resource-group",
            "site_config": [
              {
                "acr_use_managed_identity_credentials": false,
                "acr_user_managed_identity_client_id": "",
                "always_on": true,
                "app_command_line": "",
                "auto_swap_slot_name": "",
                "cors": [
                  {
                    "allowed_origins": [],
                    "support_credentials": false
                  }
                ],
                "default_documents": null,
                "dotnet_framework_version": "v4.0",
                "ftps_state": "FtpsOnly",
                "health_check_path": "",
                "http2_enabled": false,
                "ip_restriction": [],
                "java_container": "",
                "java_container_version": "",
                "java_version": "",
                "linux_fx_version": "",
                "local_mysql_enabled": false,
                "managed_pipeline_mode": "Integrated",
                "min_tls_version": "1.2",
                "number_of_workers": 1,
                "php_version": "",
                "python_version": "",
                "remote_debugging_enabled": false,
                "remote_debugging_version": "VS2022",
                "scm_ip_restriction": [],
                "scm_type": "None",
                "scm_use_main_ip_restriction": false,
                "use_32_bit_worker_process": false,
                "vnet_route_all_enabled": false,
                "websockets_enabled": false,
                "windows_fx_version": ""
              }
            ],
            "site_credential": [
              {
                "password": "5gTmHZz1cSq9dLjzq8Nf1WxvWGTDDzQKPeejgPssYAp234zejtRm7fjpgyM0",
                "username": "$demo-appservice-1"
              }
            ],
            "source_control": [
              {
                "branch": "main",
                "manual_integration": false,
                "repo_url": "",
                "rollback_enabled": false,
                "use_mercurial": false
              }
            ],
            "storage_account": [],
            "tags": null,
            "timeouts": null
          },
          "sensitive_attributes": [],
          "private": "eyJlMmJmYjczMC1lY2FhLTExZTYtOGY4OC0zNDM2M2JjN2M0YzAiOnsiY3JlYXRlIjoxODAwMDAwMDAwMDAwLCJkZWxldGUiOjE4MDAwMDAwMDAwMDAsInJlYWQiOjMwMDAwMDAwMDAwMCwidXBkYXRlIjoxODAwMDAwMDAwMDAwfX0=",
          "dependencies": [
            "azurerm_app_service_plan.demo_app_service_plan",
            "azurerm_resource_group.demo_rg"
          ]
        }
      ]
    },
    {
      "mode": "managed",
      "type": "azurerm_app_service",
      "name": "demo_app_service_2",
      "provider": "provider[\"registry.terraform.io/hashicorp/azurerm\"]",
      "instances": [
        {
          "schema_version": 0,
          "attributes": {
            "app_service_plan_id": "/subscriptions/d43779ad-ea3f-4b1b-869a-86387679ec60/resourceGroups/demo-resource-group/providers/Microsoft.Web/serverFarms/demo-app-service-plan",
            "app_settings": {
              "WEBSITE_RUN_FROM_PACKAGE": "1"
            },
            "auth_settings": [
              {
                "active_directory": [],
                "additional_login_params": {},
                "allowed_external_redirect_urls": [],
                "default_provider": "",
                "enabled": false,
                "facebook": [],
                "google": [],
                "issuer": "",
                "microsoft": [],
                "runtime_version": "",
                "token_refresh_extension_hours": 0,
                "token_store_enabled": false,
                "twitter": [],
                "unauthenticated_client_action": ""
              }
            ],
            "backup": [],
            "client_affinity_enabled": false,
            "client_cert_enabled": false,
            "client_cert_mode": "Required",
            "connection_string": [],
            "custom_domain_verification_id": "B45FE1C7B91DA0271B2862AD2439CBB906094CFBA10D6FD2C2F09167091693D3",
            "default_site_hostname": "demo-appservice-2.azurewebsites.net",
            "enabled": true,
            "https_only": false,
            "id": "/subscriptions/d43779ad-ea3f-4b1b-869a-86387679ec60/resourceGroups/demo-resource-group/providers/Microsoft.Web/sites/demo-appservice-2",
            "identity": [],
            "key_vault_reference_identity_id": "SystemAssigned",
            "location": "israelcentral",
            "logs": [
              {
                "application_logs": [
                  {
                    "azure_blob_storage": [],
                    "file_system_level": "Off"
                  }
                ],
                "detailed_error_messages_enabled": false,
                "failed_request_tracing_enabled": false,
                "http_logs": [
                  {
                    "azure_blob_storage": [],
                    "file_system": []
                  }
                ]
              }
            ],
            "name": "demo-appservice-2",
            "outbound_ip_address_list": [
              "20.217.128.9",
              "20.217.128.18",
              "20.217.128.136",
              "20.217.128.145",
              "20.217.128.152",
              "20.217.128.153",
              "20.217.128.170",
              "20.217.128.172",
              "20.217.128.173",
              "20.217.128.174",
              "20.217.128.175",
              "20.217.128.176",
              "20.217.128.177",
              "20.217.128.178",
              "20.217.128.179",
              "20.217.128.0",
              "20.217.128.181",
              "20.217.128.182",
              "20.217.52.1"
            ],
            "outbound_ip_addresses": "20.217.128.9,20.217.128.18,20.217.128.136,20.217.128.145,20.217.128.152,20.217.128.153,20.217.128.170,20.217.128.172,20.217.128.173,20.217.128.174,20.217.128.175,20.217.128.176,20.217.128.177,20.217.128.178,20.217.128.179,20.217.128.0,20.217.128.181,20.217.128.182,20.217.52.1",
            "possible_outbound_ip_address_list": [
              "20.217.128.9",
              "20.217.128.18",
              "20.217.128.136",
              "20.217.128.145",
              "20.217.128.152",
              "20.217.128.153",
              "20.217.128.170",
              "20.217.128.172",
              "20.217.128.173",
              "20.217.128.174",
              "20.217.128.175",
              "20.217.128.176",
              "20.217.128.177",
              "20.217.128.178",
              "20.217.128.179",
              "20.217.128.0",
              "20.217.128.181",
              "20.217.128.182",
              "20.217.128.154",
              "20.217.128.139",
              "20.217.128.155",
              "20.217.128.35",
              "20.217.128.156",
              "20.217.128.157",
              "20.217.128.158",
              "20.217.128.159",
              "20.217.128.160",
              "20.217.128.162",
              "20.217.128.163",
              "20.217.128.164",
              "20.217.128.165",
              "20.217.128.131",
              "20.217.128.166",
              "20.217.128.167",
              "20.217.128.168",
              "20.217.128.169",
              "20.217.128.170",
              "20.217.128.172",
              "20.217.128.173",
              "20.217.128.174",
              "20.217.128.175",
              "20.217.128.176",
              "20.217.128.177",
              "20.217.128.178",
              "20.217.128.179",
              "20.217.128.0",
              "20.217.128.181",
              "20.217.128.182",
              "20.217.128.183",
              "20.217.128.184",
              "20.217.128.185",
              "20.217.128.45",
              "20.217.128.186",
              "20.217.128.187",
              "20.217.52.1"
            ],
            "possible_outbound_ip_addresses": "20.217.128.9,20.217.128.18,20.217.128.136,20.217.128.145,20.217.128.152,20.217.128.153,20.217.128.170,20.217.128.172,20.217.128.173,20.217.128.174,20.217.128.175,20.217.128.176,20.217.128.177,20.217.128.178,20.217.128.179,20.217.128.0,20.217.128.181,20.217.128.182,20.217.128.154,20.217.128.139,20.217.128.155,20.217.128.35,20.217.128.156,20.217.128.157,20.217.128.158,20.217.128.159,20.217.128.160,20.217.128.162,20.217.128.163,20.217.128.164,20.217.128.165,20.217.128.131,20.217.128.166,20.217.128.167,20.217.128.168,20.217.128.169,20.217.128.170,20.217.128.172,20.217.128.173,20.217.128.174,20.217.128.175,20.217.128.176,20.217.128.177,20.217.128.178,20.217.128.179,20.217.128.0,20.217.128.181,20.217.128.182,20.217.128.183,20.217.128.184,20.217.128.185,20.217.128.45,20.217.128.186,20.217.128.187,20.217.52.1",
            "resource_group_name": "demo-resource-group",
            "site_config": [
              {
                "acr_use_managed_identity_credentials": false,
                "acr_user_managed_identity_client_id": "",
                "always_on": true,
                "app_command_line": "",
                "auto_swap_slot_name": "",
                "cors": [
                  {
                    "allowed_origins": [],
                    "support_credentials": false
                  }
                ],
                "default_documents": null,
                "dotnet_framework_version": "v4.0",
                "ftps_state": "FtpsOnly",
                "health_check_path": "",
                "http2_enabled": false,
                "ip_restriction": [],
                "java_container": "",
                "java_container_version": "",
                "java_version": "",
                "linux_fx_version": "",
                "local_mysql_enabled": false,
                "managed_pipeline_mode": "Integrated",
                "min_tls_version": "1.2",
                "number_of_workers": 1,
                "php_version": "",
                "python_version": "",
                "remote_debugging_enabled": false,
                "remote_debugging_version": "VS2022",
                "scm_ip_restriction": [],
                "scm_type": "None",
                "scm_use_main_ip_restriction": false,
                "use_32_bit_worker_process": false,
                "vnet_route_all_enabled": false,
                "websockets_enabled": false,
                "windows_fx_version": ""
              }
            ],
            "site_credential": [
              {
                "password": "aKnBNrZHlTLu9hJdRkoKbrM1Pg0uy7Eyw8bt23MGwaFmAogW480DeSRFqkru",
                "username": "$demo-appservice-2"
              }
            ],
            "source_control": [
              {
                "branch": "main",
                "manual_integration": false,
                "repo_url": "",
                "rollback_enabled": false,
                "use_mercurial": false
              }
            ],
            "storage_account": [],
            "tags": null,
            "timeouts": null
          },
          "sensitive_attributes": [],
          "private": "eyJlMmJmYjczMC1lY2FhLTExZTYtOGY4OC0zNDM2M2JjN2M0YzAiOnsiY3JlYXRlIjoxODAwMDAwMDAwMDAwLCJkZWxldGUiOjE4MDAwMDAwMDAwMDAsInJlYWQiOjMwMDAwMDAwMDAwMCwidXBkYXRlIjoxODAwMDAwMDAwMDAwfX0=",
          "dependencies": [
            "azurerm_app_service_plan.demo_app_service_plan",
            "azurerm_resource_group.demo_rg"
          ]
        }
      ]
    },
    {
      "mode": "managed",
      "type": "azurerm_app_service_plan",
      "name": "demo_app_service_plan",
      "provider": "provider[\"registry.terraform.io/hashicorp/azurerm\"]",
      "instances": [
        {
          "schema_version": 1,
          "attributes": {
            "app_service_environment_id": "",
            "id": "/subscriptions/d43779ad-ea3f-4b1b-869a-86387679ec60/resourceGroups/demo-resource-group/providers/Microsoft.Web/serverFarms/demo-app-service-plan",
            "is_xenon": false,
            "kind": "Windows",
            "location": "israelcentral",
            "maximum_elastic_worker_count": 1,
            "maximum_number_of_workers": 10,
            "name": "demo-app-service-plan",
            "per_site_scaling": false,
            "reserved": false,
            "resource_group_name": "demo-resource-group",
            "sku": [
              {
                "capacity": 1,
                "size": "S1",
                "tier": "Standard"
              }
            ],
            "tags": null,
            "timeouts": null,
            "zone_redundant": false
          },
          "sensitive_attributes": [],
          "private": "eyJlMmJmYjczMC1lY2FhLTExZTYtOGY4OC0zNDM2M2JjN2M0YzAiOnsiY3JlYXRlIjozNjAwMDAwMDAwMDAwLCJkZWxldGUiOjM2MDAwMDAwMDAwMDAsInJlYWQiOjMwMDAwMDAwMDAwMCwidXBkYXRlIjozNjAwMDAwMDAwMDAwfSwic2NoZW1hX3ZlcnNpb24iOiIxIn0=",
          "dependencies": [
            "azurerm_resource_group.demo_rg"
          ]
        }
      ]
    },
    {
      "mode": "managed",
      "type": "azurerm_resource_group",
      "name": "demo_rg",
      "provider": "provider[\"registry.terraform.io/hashicorp/azurerm\"]",
      "instances": [
        {
          "schema_version": 0,
          "attributes": {
            "id": "/subscriptions/d43779ad-ea3f-4b1b-869a-86387679ec60/resourceGroups/demo-resource-group",
            "location": "israelcentral",
            "managed_by": "",
            "name": "demo-resource-group",
            "tags": null,
            "timeouts": null
          },
          "sensitive_attributes": [],
          "private": "eyJlMmJmYjczMC1lY2FhLTExZTYtOGY4OC0zNDM2M2JjN2M0YzAiOnsiY3JlYXRlIjo1NDAwMDAwMDAwMDAwLCJkZWxldGUiOjU0MDAwMDAwMDAwMDAsInJlYWQiOjMwMDAwMDAwMDAwMCwidXBkYXRlIjo1NDAwMDAwMDAwMDAwfX0="
        }
      ]
    }
  ],
  "check_results": null
}
